// !$*UTF8*$!
{
	archiveVersion = 1;
	classes = {
	};
	objectVersion = 77;
	objects = {

/* Begin PBXBuildFile section */
		17D66724B6DE42A8B812C14A /* tungsten_semibold.otf in Resources */ = {isa = PBXBuildFile; fileRef = 868BDC6C6FC52670A10F9CD3 /* tungsten_semibold.otf */; };
		19A14ABDC8E02B386C9A714C /* CameraService.swift in Sources */ = {isa = PBXBuildFile; fileRef = D2C7558F26B7588AA0972272 /* CameraService.swift */; };
		1E79D017333BFCCC91057A30 /* ShotIQComponents.swift in Sources */ = {isa = PBXBuildFile; fileRef = 0A1082AE3FE8912AE6B47969 /* ShotIQComponents.swift */; };
		36F3277E8B2C123CBABE7D98 /* ShotIQApp.swift in Sources */ = {isa = PBXBuildFile; fileRef = 38BCEA5007BFAFE4AA0C9F64 /* ShotIQApp.swift */; };
		3EC1BBCF0000069613305A3D /* AuthFlow.swift in Sources */ = {isa = PBXBuildFile; fileRef = 90F9DD369D1CDE90145B5003 /* AuthFlow.swift */; };
		494D3F0BB975462D2C699BB0 /* TrainingFlow.swift in Sources */ = {isa = PBXBuildFile; fileRef = F4CFDF0EEC8E7460A19711DE /* TrainingFlow.swift */; };
		4A9E83E6C305639F91F88F6C /* EliteFlow.swift in Sources */ = {isa = PBXBuildFile; fileRef = BFD80AB08FF5E5D07D90CCFB /* EliteFlow.swift */; };
		4B8B9E9003777D6A4B234B5F /* AnalysisFlow.swift in Sources */ = {isa = PBXBuildFile; fileRef = 1E03A277539C261467FFECE8 /* AnalysisFlow.swift */; };
		519A38CD0839ADD0F0214188 /* boxedsemibold.otf in Resources */ = {isa = PBXBuildFile; fileRef = D6DF21163E007DAC625258DE /* boxedsemibold.otf */; };
		59EAA017D3EA28E9825519B0 /* ShotIQUITests.swift in Sources */ = {isa = PBXBuildFile; fileRef = B80E348AC504802FBFCEE2BE /* ShotIQUITests.swift */; };
		71060C0C6C15EF00043BDC4C /* ShotIQTokens.swift in Sources */ = {isa = PBXBuildFile; fileRef = D38018B275DB53F75E8FB92C /* ShotIQTokens.swift */; };
		7A0A5793869314120915A127 /* OnboardingFlow.swift in Sources */ = {isa = PBXBuildFile; fileRef = 10550E1AD3597AE434E97DFB /* OnboardingFlow.swift */; };
		881767E47EDBF3F5B38CC679 /* HomeFlow.swift in Sources */ = {isa = PBXBuildFile; fileRef = D9D8AB9A2AA75D7231A3DF13 /* HomeFlow.swift */; };
		A8A844B65564DDBBCFB71D30 /* tungsten_medium.otf in Resources */ = {isa = PBXBuildFile; fileRef = 4AA480AA2A56A7F5DD4D495C /* tungsten_medium.otf */; };
		ABEC9459F6FBA7FC1292117C /* boxedmedium.otf in Resources */ = {isa = PBXBuildFile; fileRef = FD571752957BF2990F80DC2C /* boxedmedium.otf */; };
		AF255EAEE75CB55ABA2B10C0 /* tungsten_bold.otf in Resources */ = {isa = PBXBuildFile; fileRef = ED1132515D54BB1F7C7EB36F /* tungsten_bold.otf */; };
		B9E8CDA3D4FF7A5D803BFA28 /* ShotIQTests.swift in Sources */ = {isa = PBXBuildFile; fileRef = F46C7A0A6EBBC1A7CE81E129 /* ShotIQTests.swift */; };
		BAEA068CA76742A517947F56 /* APIClient.swift in Sources */ = {isa = PBXBuildFile; fileRef = A3ABB946C8ACBA7946DBFC56 /* APIClient.swift */; };
		BF4ED790459362F42F3BA027 /* tungsten_black.otf in Resources */ = {isa = PBXBuildFile; fileRef = 173C9C7C27E9EFDB40D8A184 /* tungsten_black.otf */; };
		D366CF3B9BB408E1674F1F8D /* GoalsAnalyticsMediaProfile.swift in Sources */ = {isa = PBXBuildFile; fileRef = BD1B7FFC873C50CC28C73611 /* GoalsAnalyticsMediaProfile.swift */; };
		D94A28C690FB79B9467D8EA4 /* boxedheavy.otf in Resources */ = {isa = PBXBuildFile; fileRef = 7DFDB038721B489270DBA1A5 /* boxedheavy.otf */; };
		F70F48656AC9104E369FF1B9 /* CaptureFlow.swift in Sources */ = {isa = PBXBuildFile; fileRef = 3DB88B746B85C662B864EB2E /* CaptureFlow.swift */; };
		FCD17A4ED5735EB2FDD9AA14 /* Assets.xcassets in Resources */ = {isa = PBXBuildFile; fileRef = EBF36012146C626940DA84BF /* Assets.xcassets */; };
/* End PBXBuildFile section */

/* Begin PBXContainerItemProxy section */
		3D6E68029FFE217D6731006B /* PBXContainerItemProxy */ = {
			isa = PBXContainerItemProxy;
			containerPortal = 56B4EB028082CDFB51B41FEE /* Project object */;
			proxyType = 1;
			remoteGlobalIDString = BC40D4A89F468D5C0DED2A52;
			remoteInfo = ShotIQ;
		};
		B0B3747B29CB07ABEC5379D1 /* PBXContainerItemProxy */ = {
			isa = PBXContainerItemProxy;
			containerPortal = 56B4EB028082CDFB51B41FEE /* Project object */;
			proxyType = 1;
			remoteGlobalIDString = BC40D4A89F468D5C0DED2A52;
			remoteInfo = ShotIQ;
		};
/* End PBXContainerItemProxy section */

/* Begin PBXFileReference section */
		0A1082AE3FE8912AE6B47969 /* ShotIQComponents.swift */ = {isa = PBXFileReference; lastKnownFileType = sourcecode.swift; path = ShotIQComponents.swift; sourceTree = "<group>"; };
		10550E1AD3597AE434E97DFB /* OnboardingFlow.swift */ = {isa = PBXFileReference; lastKnownFileType = sourcecode.swift; path = OnboardingFlow.swift; sourceTree = "<group>"; };
		173C9C7C27E9EFDB40D8A184 /* tungsten_black.otf */ = {isa = PBXFileReference; lastKnownFileType = file; path = tungsten_black.otf; sourceTree = "<group>"; };
		1E03A277539C261467FFECE8 /* AnalysisFlow.swift */ = {isa = PBXFileReference; lastKnownFileType = sourcecode.swift; path = AnalysisFlow.swift; sourceTree = "<group>"; };
		38BCEA5007BFAFE4AA0C9F64 /* ShotIQApp.swift */ = {isa = PBXFileReference; lastKnownFileType = sourcecode.swift; path = ShotIQApp.swift; sourceTree = "<group>"; };
		3DB88B746B85C662B864EB2E /* CaptureFlow.swift */ = {isa = PBXFileReference; lastKnownFileType = sourcecode.swift; path = CaptureFlow.swift; sourceTree = "<group>"; };
		4AA480AA2A56A7F5DD4D495C /* tungsten_medium.otf */ = {isa = PBXFileReference; lastKnownFileType = file; path = tungsten_medium.otf; sourceTree = "<group>"; };
		5C2F2EBE799B4DF14007CD1D /* ShotIQ.app */ = {isa = PBXFileReference; includeInIndex = 0; lastKnownFileType = wrapper.application; path = ShotIQ.app; sourceTree = BUILT_PRODUCTS_DIR; };
		74D31DBB08E9FCD85484D07E /* ShotIQTests.xctest */ = {isa = PBXFileReference; includeInIndex = 0; lastKnownFileType = wrapper.cfbundle; path = ShotIQTests.xctest; sourceTree = BUILT_PRODUCTS_DIR; };
		7BB7B15B7EDDE5D44B98B1E4 /* ShotIQUITests.xctest */ = {isa = PBXFileReference; includeInIndex = 0; lastKnownFileType = wrapper.cfbundle; path = ShotIQUITests.xctest; sourceTree = BUILT_PRODUCTS_DIR; };
		7DFDB038721B489270DBA1A5 /* boxedheavy.otf */ = {isa = PBXFileReference; lastKnownFileType = file; path = boxedheavy.otf; sourceTree = "<group>"; };
		868BDC6C6FC52670A10F9CD3 /* tungsten_semibold.otf */ = {isa = PBXFileReference; lastKnownFileType = file; path = tungsten_semibold.otf; sourceTree = "<group>"; };
		90F9DD369D1CDE90145B5003 /* AuthFlow.swift */ = {isa = PBXFileReference; lastKnownFileType = sourcecode.swift; path = AuthFlow.swift; sourceTree = "<group>"; };
		A3ABB946C8ACBA7946DBFC56 /* APIClient.swift */ = {isa = PBXFileReference; lastKnownFileType = sourcecode.swift; path = APIClient.swift; sourceTree = "<group>"; };
		B80E348AC504802FBFCEE2BE /* ShotIQUITests.swift */ = {isa = PBXFileReference; lastKnownFileType = sourcecode.swift; path = ShotIQUITests.swift; sourceTree = "<group>"; };
		BD1B7FFC873C50CC28C73611 /* GoalsAnalyticsMediaProfile.swift */ = {isa = PBXFileReference; lastKnownFileType = sourcecode.swift; path = GoalsAnalyticsMediaProfile.swift; sourceTree = "<group>"; };
		BFD80AB08FF5E5D07D90CCFB /* EliteFlow.swift */ = {isa = PBXFileReference; lastKnownFileType = sourcecode.swift; path = EliteFlow.swift; sourceTree = "<group>"; };
		D2C7558F26B7588AA0972272 /* CameraService.swift */ = {isa = PBXFileReference; lastKnownFileType = sourcecode.swift; path = CameraService.swift; sourceTree = "<group>"; };
		D38018B275DB53F75E8FB92C /* ShotIQTokens.swift */ = {isa = PBXFileReference; lastKnownFileType = sourcecode.swift; path = ShotIQTokens.swift; sourceTree = "<group>"; };
		D6DF21163E007DAC625258DE /* boxedsemibold.otf */ = {isa = PBXFileReference; lastKnownFileType = file; path = boxedsemibold.otf; sourceTree = "<group>"; };
		D8EAB7AFA47FF810A708D966 /* Info.plist */ = {isa = PBXFileReference; lastKnownFileType = text.plist; path = Info.plist; sourceTree = "<group>"; };
		D9D8AB9A2AA75D7231A3DF13 /* HomeFlow.swift */ = {isa = PBXFileReference; lastKnownFileType = sourcecode.swift; path = HomeFlow.swift; sourceTree = "<group>"; };
		EBF36012146C626940DA84BF /* Assets.xcassets */ = {isa = PBXFileReference; lastKnownFileType = folder.assetcatalog; path = Assets.xcassets; sourceTree = "<group>"; };
		ED1132515D54BB1F7C7EB36F /* tungsten_bold.otf */ = {isa = PBXFileReference; lastKnownFileType = file; path = tungsten_bold.otf; sourceTree = "<group>"; };
		F46C7A0A6EBBC1A7CE81E129 /* ShotIQTests.swift */ = {isa = PBXFileReference; lastKnownFileType = sourcecode.swift; path = ShotIQTests.swift; sourceTree = "<group>"; };
		F4CFDF0EEC8E7460A19711DE /* TrainingFlow.swift */ = {isa = PBXFileReference; lastKnownFileType = sourcecode.swift; path = TrainingFlow.swift; sourceTree = "<group>"; };
		FD571752957BF2990F80DC2C /* boxedmedium.otf */ = {isa = PBXFileReference; lastKnownFileType = file; path = boxedmedium.otf; sourceTree = "<group>"; };
/* End PBXFileReference section */

/* Begin PBXGroup section */
		016003092388B8F455D93CF2 /* Elite */ = {
			isa = PBXGroup;
			children = (
				BFD80AB08FF5E5D07D90CCFB /* EliteFlow.swift */,
			);
			path = Elite;
			sourceTree = "<group>";
		};
		0EDBB9C9E067B6A27A97216B /* Products */ = {
			isa = PBXGroup;
			children = (
				5C2F2EBE799B4DF14007CD1D /* ShotIQ.app */,
				74D31DBB08E9FCD85484D07E /* ShotIQTests.xctest */,
				7BB7B15B7EDDE5D44B98B1E4 /* ShotIQUITests.xctest */,
			);
			name = Products;
			sourceTree = "<group>";
		};
		2CB2DE8B7B324B4C42B69044 /* Home */ = {
			isa = PBXGroup;
			children = (
				D9D8AB9A2AA75D7231A3DF13 /* HomeFlow.swift */,
			);
			path = Home;
			sourceTree = "<group>";
		};
		562C947664836A35B098998E /* Auth */ = {
			isa = PBXGroup;
			children = (
				90F9DD369D1CDE90145B5003 /* AuthFlow.swift */,
			);
			path = Auth;
			sourceTree = "<group>";
		};
		62AE9889C01B1EDE31FD066B /* Screens */ = {
			isa = PBXGroup;
			children = (
				D1BD87A74415C016E2F7FB11 /* Analysis */,
				562C947664836A35B098998E /* Auth */,
				966BD8E1CBAF835EAE09E8C2 /* Capture */,
				016003092388B8F455D93CF2 /* Elite */,
				BAECD14E727D550906F52E16 /* Goals */,
				2CB2DE8B7B324B4C42B69044 /* Home */,
				6589CB49647F47F346A6C371 /* Onboarding */,
				EE8EA4343AD17785F7A52006 /* Training */,
			);
			name = Screens;
			path = ShotIQ/Screens;
			sourceTree = "<group>";
		};
		6589CB49647F47F346A6C371 /* Onboarding */ = {
			isa = PBXGroup;
			children = (
				10550E1AD3597AE434E97DFB /* OnboardingFlow.swift */,
			);
			path = Onboarding;
			sourceTree = "<group>";
		};
		7942F7F320F4D6D0403CB773 /* Tests */ = {
			isa = PBXGroup;
			children = (
				F46C7A0A6EBBC1A7CE81E129 /* ShotIQTests.swift */,
			);
			name = Tests;
			path = ShotIQ/Tests;
			sourceTree = "<group>";
		};
		83CC3D5A92AEC4CF4373F5C4 /* App */ = {
			isa = PBXGroup;
			children = (
				EBF36012146C626940DA84BF /* Assets.xcassets */,
				D8EAB7AFA47FF810A708D966 /* Info.plist */,
				38BCEA5007BFAFE4AA0C9F64 /* ShotIQApp.swift */,
				E75D391A383DC6D79F41BF9B /* Fonts */,
			);
			name = App;
			path = ShotIQ/App;
			sourceTree = "<group>";
		};
		90CA5E6D0EBD56BAEEDCCFA8 /* Core */ = {
			isa = PBXGroup;
			children = (
				A3ABB946C8ACBA7946DBFC56 /* APIClient.swift */,
				D2C7558F26B7588AA0972272 /* CameraService.swift */,
				D38018B275DB53F75E8FB92C /* ShotIQTokens.swift */,
			);
			name = Core;
			path = ShotIQ/Core;
			sourceTree = "<group>";
		};
		966BD8E1CBAF835EAE09E8C2 /* Capture */ = {
			isa = PBXGroup;
			children = (
				3DB88B746B85C662B864EB2E /* CaptureFlow.swift */,
			);
			path = Capture;
			sourceTree = "<group>";
		};
		B6B187974D6303379A0768EC = {
			isa = PBXGroup;
			children = (
				83CC3D5A92AEC4CF4373F5C4 /* App */,
				CAB5C9672136AE71EE242332 /* Components */,
				90CA5E6D0EBD56BAEEDCCFA8 /* Core */,
				62AE9889C01B1EDE31FD066B /* Screens */,
				7942F7F320F4D6D0403CB773 /* Tests */,
				E607D2BDA2299204A8A5C05E /* UITests */,
				0EDBB9C9E067B6A27A97216B /* Products */,
			);
			sourceTree = "<group>";
		};
		BAECD14E727D550906F52E16 /* Goals */ = {
			isa = PBXGroup;
			children = (
				BD1B7FFC873C50CC28C73611 /* GoalsAnalyticsMediaProfile.swift */,
			);
			path = Goals;
			sourceTree = "<group>";
		};
		CAB5C9672136AE71EE242332 /* Components */ = {
			isa = PBXGroup;
			children = (
				0A1082AE3FE8912AE6B47969 /* ShotIQComponents.swift */,
			);
			name = Components;
			path = ShotIQ/Components;
			sourceTree = "<group>";
		};
		D1BD87A74415C016E2F7FB11 /* Analysis */ = {
			isa = PBXGroup;
			children = (
				1E03A277539C261467FFECE8 /* AnalysisFlow.swift */,
			);
			path = Analysis;
			sourceTree = "<group>";
		};
		E607D2BDA2299204A8A5C05E /* UITests */ = {
			isa = PBXGroup;
			children = (
				B80E348AC504802FBFCEE2BE /* ShotIQUITests.swift */,
			);
			name = UITests;
			path = ShotIQ/UITests;
			sourceTree = "<group>";
		};
		E75D391A383DC6D79F41BF9B /* Fonts */ = {
			isa = PBXGroup;
			children = (
				7DFDB038721B489270DBA1A5 /* boxedheavy.otf */,
				FD571752957BF2990F80DC2C /* boxedmedium.otf */,
				D6DF21163E007DAC625258DE /* boxedsemibold.otf */,
				173C9C7C27E9EFDB40D8A184 /* tungsten_black.otf */,
				ED1132515D54BB1F7C7EB36F /* tungsten_bold.otf */,
				4AA480AA2A56A7F5DD4D495C /* tungsten_medium.otf */,
				868BDC6C6FC52670A10F9CD3 /* tungsten_semibold.otf */,
			);
			path = Fonts;
			sourceTree = "<group>";
		};
		EE8EA4343AD17785F7A52006 /* Training */ = {
			isa = PBXGroup;
			children = (
				F4CFDF0EEC8E7460A19711DE /* TrainingFlow.swift */,
			);
			path = Training;
			sourceTree = "<group>";
		};
/* End PBXGroup section */

/* Begin PBXNativeTarget section */
		61D088B97261E3ACDECB780C /* ShotIQUITests */ = {
			isa = PBXNativeTarget;
			buildConfigurationList = E48CFD58893ED4F7F3393A6A /* Build configuration list for PBXNativeTarget "ShotIQUITests" */;
			buildPhases = (
				59BC9F9350E5711566891892 /* Sources */,
			);
			buildRules = (
			);
			dependencies = (
				D9E08C0E56F42F5DE7BFE76E /* PBXTargetDependency */,
			);
			name = ShotIQUITests;
			packageProductDependencies = (
			);
			productName = ShotIQUITests;
			productReference = 7BB7B15B7EDDE5D44B98B1E4 /* ShotIQUITests.xctest */;
			productType = "com.apple.product-type.bundle.ui-testing";
		};
		66D03F5953CCF87D6CFBFF4A /* ShotIQTests */ = {
			isa = PBXNativeTarget;
			buildConfigurationList = 08D6EF7103F6076752180F56 /* Build configuration list for PBXNativeTarget "ShotIQTests" */;
			buildPhases = (
				CA6BCE1A10289D82CE17F946 /* Sources */,
			);
			buildRules = (
			);
			dependencies = (
				B1AF77148BE12DF9E2269997 /* PBXTargetDependency */,
			);
			name = ShotIQTests;
			packageProductDependencies = (
			);
			productName = ShotIQTests;
			productReference = 74D31DBB08E9FCD85484D07E /* ShotIQTests.xctest */;
			productType = "com.apple.product-type.bundle.unit-test";
		};
		BC40D4A89F468D5C0DED2A52 /* ShotIQ */ = {
			isa = PBXNativeTarget;
			buildConfigurationList = 40A25BA61F473E9595B53723 /* Build configuration list for PBXNativeTarget "ShotIQ" */;
			buildPhases = (
				CD419E9DFE4A51F529AF5C23 /* Sources */,
				38A90E956CEE4900AC4E5554 /* Resources */,
			);
			buildRules = (
			);
			dependencies = (
			);
			name = ShotIQ;
			packageProductDependencies = (
			);
			productName = ShotIQ;
			productReference = 5C2F2EBE799B4DF14007CD1D /* ShotIQ.app */;
			productType = "com.apple.product-type.application";
		};
/* End PBXNativeTarget section */

/* Begin PBXProject section */
		56B4EB028082CDFB51B41FEE /* Project object */ = {
			isa = PBXProject;
			attributes = {
				BuildIndependentTargetsInParallel = YES;
				LastUpgradeCheck = 1430;
				TargetAttributes = {
					61D088B97261E3ACDECB780C = {
						TestTargetID = BC40D4A89F468D5C0DED2A52;
					};
					BC40D4A89F468D5C0DED2A52 = {
						DevelopmentTeam = DD9G8RP575;
						ProvisioningStyle = Automatic;
					};
				};
			};
			buildConfigurationList = E20223A33883687B052D0246 /* Build configuration list for PBXProject "ShotIQ" */;
			developmentRegion = en;
			hasScannedForEncodings = 0;
			knownRegions = (
				Base,
				en,
			);
			mainGroup = B6B187974D6303379A0768EC;
			minimizedProjectReferenceProxies = 1;
			preferredProjectObjectVersion = 77;
			productRefGroup = 0EDBB9C9E067B6A27A97216B /* Products */;
			projectDirPath = "";
			projectRoot = "";
			targets = (
				BC40D4A89F468D5C0DED2A52 /* ShotIQ */,
				66D03F5953CCF87D6CFBFF4A /* ShotIQTests */,
				61D088B97261E3ACDECB780C /* ShotIQUITests */,
			);
		};
/* End PBXProject section */

/* Begin PBXResourcesBuildPhase section */
		38A90E956CEE4900AC4E5554 /* Resources */ = {
			isa = PBXResourcesBuildPhase;
			buildActionMask = 2147483647;
			files = (
				FCD17A4ED5735EB2FDD9AA14 /* Assets.xcassets in Resources */,
				D94A28C690FB79B9467D8EA4 /* boxedheavy.otf in Resources */,
				ABEC9459F6FBA7FC1292117C /* boxedmedium.otf in Resources */,
				519A38CD0839ADD0F0214188 /* boxedsemibold.otf in Resources */,
				BF4ED790459362F42F3BA027 /* tungsten_black.otf in Resources */,
				AF255EAEE75CB55ABA2B10C0 /* tungsten_bold.otf in Resources */,
				A8A844B65564DDBBCFB71D30 /* tungsten_medium.otf in Resources */,
				17D66724B6DE42A8B812C14A /* tungsten_semibold.otf in Resources */,
			);
			runOnlyForDeploymentPostprocessing = 0;
		};
/* End PBXResourcesBuildPhase section */

/* Begin PBXSourcesBuildPhase section */
		59BC9F9350E5711566891892 /* Sources */ = {
			isa = PBXSourcesBuildPhase;
			buildActionMask = 2147483647;
			files = (
				59EAA017D3EA28E9825519B0 /* ShotIQUITests.swift in Sources */,
			);
			runOnlyForDeploymentPostprocessing = 0;
		};
		CA6BCE1A10289D82CE17F946 /* Sources */ = {
			isa = PBXSourcesBuildPhase;
			buildActionMask = 2147483647;
			files = (
				B9E8CDA3D4FF7A5D803BFA28 /* ShotIQTests.swift in Sources */,
			);
			runOnlyForDeploymentPostprocessing = 0;
		};
		CD419E9DFE4A51F529AF5C23 /* Sources */ = {
			isa = PBXSourcesBuildPhase;
			buildActionMask = 2147483647;
			files = (
				BAEA068CA76742A517947F56 /* APIClient.swift in Sources */,
				4B8B9E9003777D6A4B234B5F /* AnalysisFlow.swift in Sources */,
				3EC1BBCF0000069613305A3D /* AuthFlow.swift in Sources */,
				19A14ABDC8E02B386C9A714C /* CameraService.swift in Sources */,
				F70F48656AC9104E369FF1B9 /* CaptureFlow.swift in Sources */,
				4A9E83E6C305639F91F88F6C /* EliteFlow.swift in Sources */,
				D366CF3B9BB408E1674F1F8D /* GoalsAnalyticsMediaProfile.swift in Sources */,
				881767E47EDBF3F5B38CC679 /* HomeFlow.swift in Sources */,
				7A0A5793869314120915A127 /* OnboardingFlow.swift in Sources */,
				36F3277E8B2C123CBABE7D98 /* ShotIQApp.swift in Sources */,
				1E79D017333BFCCC91057A30 /* ShotIQComponents.swift in Sources */,
				71060C0C6C15EF00043BDC4C /* ShotIQTokens.swift in Sources */,
				494D3F0BB975462D2C699BB0 /* TrainingFlow.swift in Sources */,
			);
			runOnlyForDeploymentPostprocessing = 0;
		};
/* End PBXSourcesBuildPhase section */

/* Begin PBXTargetDependency section */
		B1AF77148BE12DF9E2269997 /* PBXTargetDependency */ = {
			isa = PBXTargetDependency;
			target = BC40D4A89F468D5C0DED2A52 /* ShotIQ */;
			targetProxy = 3D6E68029FFE217D6731006B /* PBXContainerItemProxy */;
		};
		D9E08C0E56F42F5DE7BFE76E /* PBXTargetDependency */ = {
			isa = PBXTargetDependency;
			target = BC40D4A89F468D5C0DED2A52 /* ShotIQ */;
			targetProxy = B0B3747B29CB07ABEC5379D1 /* PBXContainerItemProxy */;
		};
/* End PBXTargetDependency section */

/* Begin XCBuildConfiguration section */
		5B72EEC44F89037AEA8C6036 /* Debug */ = {
			isa = XCBuildConfiguration;
			buildSettings = {
				ASSETCATALOG_COMPILER_APPICON_NAME = AppIcon;
				CODE_SIGN_IDENTITY = "iPhone Developer";
				CODE_SIGN_STYLE = Automatic;
				CURRENT_PROJECT_VERSION = 1;
				DEVELOPMENT_TEAM = DD9G8RP575;
				INFOPLIST_FILE = ShotIQ/App/Info.plist;
				LD_RUNPATH_SEARCH_PATHS = (
					"$(inherited)",
					"@executable_path/Frameworks",
				);
				MARKETING_VERSION = 1.0;
				PRODUCT_BUNDLE_IDENTIFIER = com.baller70.shotiq;
				SDKROOT = iphoneos;
				TARGETED_DEVICE_FAMILY = 1;
			};
			name = Debug;
		};
		62B03132AEFD6A9FC20E871A /* Release */ = {
			isa = XCBuildConfiguration;
			buildSettings = {
				ALWAYS_SEARCH_USER_PATHS = NO;
				CLANG_ANALYZER_NONNULL = YES;
				CLANG_ANALYZER_NUMBER_OBJECT_CONVERSION = YES_AGGRESSIVE;
				CLANG_CXX_LANGUAGE_STANDARD = "gnu++14";
				CLANG_CXX_LIBRARY = "libc++";
				CLANG_ENABLE_MODULES = YES;
				CLANG_ENABLE_OBJC_ARC = YES;
				CLANG_ENABLE_OBJC_WEAK = YES;
				CLANG_WARN_BLOCK_CAPTURE_AUTORELEASING = YES;
				CLANG_WARN_BOOL_CONVERSION = YES;
				CLANG_WARN_COMMA = YES;
				CLANG_WARN_CONSTANT_CONVERSION = YES;
				CLANG_WARN_DEPRECATED_OBJC_IMPLEMENTATIONS = YES;
				CLANG_WARN_DIRECT_OBJC_ISA_USAGE = YES_ERROR;
				CLANG_WARN_DOCUMENTATION_COMMENTS = YES;
				CLANG_WARN_EMPTY_BODY = YES;
				CLANG_WARN_ENUM_CONVERSION = YES;
				CLANG_WARN_INFINITE_RECURSION = YES;
				CLANG_WARN_INT_CONVERSION = YES;
				CLANG_WARN_NON_LITERAL_NULL_CONVERSION = YES;
				CLANG_WARN_OBJC_IMPLICIT_RETAIN_SELF = YES;
				CLANG_WARN_OBJC_LITERAL_CONVERSION = YES;
				CLANG_WARN_OBJC_ROOT_CLASS = YES_ERROR;
				CLANG_WARN_QUOTED_INCLUDE_IN_FRAMEWORK_HEADER = YES;
				CLANG_WARN_RANGE_LOOP_ANALYSIS = YES;
				CLANG_WARN_STRICT_PROTOTYPES = YES;
				CLANG_WARN_SUSPICIOUS_MOVE = YES;
				CLANG_WARN_UNGUARDED_AVAILABILITY = YES_AGGRESSIVE;
				CLANG_WARN_UNREACHABLE_CODE = YES;
				CLANG_WARN__DUPLICATE_METHOD_MATCH = YES;
				COPY_PHASE_STRIP = NO;
				DEBUG_INFORMATION_FORMAT = "dwarf-with-dsym";
				ENABLE_NS_ASSERTIONS = NO;
				ENABLE_STRICT_OBJC_MSGSEND = YES;
				GCC_C_LANGUAGE_STANDARD = gnu11;
				GCC_NO_COMMON_BLOCKS = YES;
				GCC_WARN_64_TO_32_BIT_CONVERSION = YES;
				GCC_WARN_ABOUT_RETURN_TYPE = YES_ERROR;
				GCC_WARN_UNDECLARED_SELECTOR = YES;
				GCC_WARN_UNINITIALIZED_AUTOS = YES_AGGRESSIVE;
				GCC_WARN_UNUSED_FUNCTION = YES;
				GCC_WARN_UNUSED_VARIABLE = YES;
				IPHONEOS_DEPLOYMENT_TARGET = 17.0;
				MTL_ENABLE_DEBUG_INFO = NO;
				MTL_FAST_MATH = YES;
				PRODUCT_NAME = "$(TARGET_NAME)";
				SDKROOT = iphoneos;
				SWIFT_COMPILATION_MODE = wholemodule;
				SWIFT_OPTIMIZATION_LEVEL = "-O";
				SWIFT_VERSION = 5.0;
			};
			name = Release;
		};
		657C3767D89DF1688EEF93A2 /* Release */ = {
			isa = XCBuildConfiguration;
			buildSettings = {
				ASSETCATALOG_COMPILER_APPICON_NAME = AppIcon;
				CODE_SIGN_IDENTITY = "iPhone Developer";
				CODE_SIGN_STYLE = Automatic;
				CURRENT_PROJECT_VERSION = 1;
				DEVELOPMENT_TEAM = DD9G8RP575;
				INFOPLIST_FILE = ShotIQ/App/Info.plist;
				LD_RUNPATH_SEARCH_PATHS = (
					"$(inherited)",
					"@executable_path/Frameworks",
				);
				MARKETING_VERSION = 1.0;
				PRODUCT_BUNDLE_IDENTIFIER = com.baller70.shotiq;
				SDKROOT = iphoneos;
				TARGETED_DEVICE_FAMILY = 1;
			};
			name = Release;
		};
		791F3D969F34E1F4D114FFFB /* Debug */ = {
			isa = XCBuildConfiguration;
			buildSettings = {
				BUNDLE_LOADER = "$(TEST_HOST)";
				LD_RUNPATH_SEARCH_PATHS = (
					"$(inherited)",
					"@executable_path/Frameworks",
					"@loader_path/Frameworks",
				);
				PRODUCT_BUNDLE_IDENTIFIER = com.kevinhouston.ShotIQUITests;
				SDKROOT = iphoneos;
				TARGETED_DEVICE_FAMILY = "1,2";
				TEST_TARGET_NAME = ShotIQ;
			};
			name = Debug;
		};
		9E8A65256AB6B428C8FD05AE /* Debug */ = {
			isa = XCBuildConfiguration;
			buildSettings = {
				ALWAYS_SEARCH_USER_PATHS = NO;
				CLANG_ANALYZER_NONNULL = YES;
				CLANG_ANALYZER_NUMBER_OBJECT_CONVERSION = YES_AGGRESSIVE;
				CLANG_CXX_LANGUAGE_STANDARD = "gnu++14";
				CLANG_CXX_LIBRARY = "libc++";
				CLANG_ENABLE_MODULES = YES;
				CLANG_ENABLE_OBJC_ARC = YES;
				CLANG_ENABLE_OBJC_WEAK = YES;
				CLANG_WARN_BLOCK_CAPTURE_AUTORELEASING = YES;
				CLANG_WARN_BOOL_CONVERSION = YES;
				CLANG_WARN_COMMA = YES;
				CLANG_WARN_CONSTANT_CONVERSION = YES;
				CLANG_WARN_DEPRECATED_OBJC_IMPLEMENTATIONS = YES;
				CLANG_WARN_DIRECT_OBJC_ISA_USAGE = YES_ERROR;
				CLANG_WARN_DOCUMENTATION_COMMENTS = YES;
				CLANG_WARN_EMPTY_BODY = YES;
				CLANG_WARN_ENUM_CONVERSION = YES;
				CLANG_WARN_INFINITE_RECURSION = YES;
				CLANG_WARN_INT_CONVERSION = YES;
				CLANG_WARN_NON_LITERAL_NULL_CONVERSION = YES;
				CLANG_WARN_OBJC_IMPLICIT_RETAIN_SELF = YES;
				CLANG_WARN_OBJC_LITERAL_CONVERSION = YES;
				CLANG_WARN_OBJC_ROOT_CLASS = YES_ERROR;
				CLANG_WARN_QUOTED_INCLUDE_IN_FRAMEWORK_HEADER = YES;
				CLANG_WARN_RANGE_LOOP_ANALYSIS = YES;
				CLANG_WARN_STRICT_PROTOTYPES = YES;
				CLANG_WARN_SUSPICIOUS_MOVE = YES;
				CLANG_WARN_UNGUARDED_AVAILABILITY = YES_AGGRESSIVE;
				CLANG_WARN_UNREACHABLE_CODE = YES;
				CLANG_WARN__DUPLICATE_METHOD_MATCH = YES;
				COPY_PHASE_STRIP = NO;
				DEBUG_INFORMATION_FORMAT = dwarf;
				ENABLE_STRICT_OBJC_MSGSEND = YES;
				ENABLE_TESTABILITY = YES;
				GCC_C_LANGUAGE_STANDARD = gnu11;
				GCC_DYNAMIC_NO_PIC = NO;
				GCC_NO_COMMON_BLOCKS = YES;
				GCC_OPTIMIZATION_LEVEL = 0;
				GCC_PREPROCESSOR_DEFINITIONS = (
					"$(inherited)",
					"DEBUG=1",
				);
				GCC_WARN_64_TO_32_BIT_CONVERSION = YES;
				GCC_WARN_ABOUT_RETURN_TYPE = YES_ERROR;
				GCC_WARN_UNDECLARED_SELECTOR = YES;
				GCC_WARN_UNINITIALIZED_AUTOS = YES_AGGRESSIVE;
				GCC_WARN_UNUSED_FUNCTION = YES;
				GCC_WARN_UNUSED_VARIABLE = YES;
				IPHONEOS_DEPLOYMENT_TARGET = 17.0;
				MTL_ENABLE_DEBUG_INFO = INCLUDE_SOURCE;
				MTL_FAST_MATH = YES;
				ONLY_ACTIVE_ARCH = YES;
				PRODUCT_NAME = "$(TARGET_NAME)";
				SDKROOT = iphoneos;
				SWIFT_ACTIVE_COMPILATION_CONDITIONS = DEBUG;
				SWIFT_OPTIMIZATION_LEVEL = "-Onone";
				SWIFT_VERSION = 5.0;
			};
			name = Debug;
		};
		BC1BC1E0D4DC54AE15442140 /* Release */ = {
			isa = XCBuildConfiguration;
			buildSettings = {
				BUNDLE_LOADER = "$(TEST_HOST)";
				LD_RUNPATH_SEARCH_PATHS = (
					"$(inherited)",
					"@executable_path/Frameworks",
					"@loader_path/Frameworks",
				);
				PRODUCT_BUNDLE_IDENTIFIER = com.kevinhouston.ShotIQTests;
				SDKROOT = iphoneos;
				TARGETED_DEVICE_FAMILY = "1,2";
				TEST_HOST = "$(BUILT_PRODUCTS_DIR)/ShotIQ.app/ShotIQ";
			};
			name = Release;
		};
		E316614EFE3B0C9654A8A937 /* Debug */ = {
			isa = XCBuildConfiguration;
			buildSettings = {
				BUNDLE_LOADER = "$(TEST_HOST)";
				LD_RUNPATH_SEARCH_PATHS = (
					"$(inherited)",
					"@executable_path/Frameworks",
					"@loader_path/Frameworks",
				);
				PRODUCT_BUNDLE_IDENTIFIER = com.kevinhouston.ShotIQTests;
				SDKROOT = iphoneos;
				TARGETED_DEVICE_FAMILY = "1,2";
				TEST_HOST = "$(BUILT_PRODUCTS_DIR)/ShotIQ.app/ShotIQ";
			};
			name = Debug;
		};
		F54E97A4D4773A880DE6A971 /* Release */ = {
			isa = XCBuildConfiguration;
			buildSettings = {
				BUNDLE_LOADER = "$(TEST_HOST)";
				LD_RUNPATH_SEARCH_PATHS = (
					"$(inherited)",
					"@executable_path/Frameworks",
					"@loader_path/Frameworks",
				);
				PRODUCT_BUNDLE_IDENTIFIER = com.kevinhouston.ShotIQUITests;
				SDKROOT = iphoneos;
				TARGETED_DEVICE_FAMILY = "1,2";
				TEST_TARGET_NAME = ShotIQ;
			};
			name = Release;
		};
/* End XCBuildConfiguration section */

/* Begin XCConfigurationList section */
		08D6EF7103F6076752180F56 /* Build configuration list for PBXNativeTarget "ShotIQTests" */ = {
			isa = XCConfigurationList;
			buildConfigurations = (
				E316614EFE3B0C9654A8A937 /* Debug */,
				BC1BC1E0D4DC54AE15442140 /* Release */,
			);
			defaultConfigurationIsVisible = 0;
			defaultConfigurationName = Debug;
		};
		40A25BA61F473E9595B53723 /* Build configuration list for PBXNativeTarget "ShotIQ" */ = {
			isa = XCConfigurationList;
			buildConfigurations = (
				5B72EEC44F89037AEA8C6036 /* Debug */,
				657C3767D89DF1688EEF93A2 /* Release */,
			);
			defaultConfigurationIsVisible = 0;
			defaultConfigurationName = Debug;
		};
		E20223A33883687B052D0246 /* Build configuration list for PBXProject "ShotIQ" */ = {
			isa = XCConfigurationList;
			buildConfigurations = (
				9E8A65256AB6B428C8FD05AE /* Debug */,
				62B03132AEFD6A9FC20E871A /* Release */,
			);
			defaultConfigurationIsVisible = 0;
			defaultConfigurationName = Debug;
		};
		E48CFD58893ED4F7F3393A6A /* Build configuration list for PBXNativeTarget "ShotIQUITests" */ = {
			isa = XCConfigurationList;
			buildConfigurations = (
				791F3D969F34E1F4D114FFFB /* Debug */,
				F54E97A4D4773A880DE6A971 /* Release */,
			);
			defaultConfigurationIsVisible = 0;
			defaultConfigurationName = Debug;
		};
/* End XCConfigurationList section */
	};
	rootObject = 56B4EB028082CDFB51B41FEE /* Project object */;
}
